PODS:
  - CocoaAsyncSocket (7.6.3)
  - ProtocolBuffers-Swift (4.0.6)

DEPENDENCIES:
  - CocoaAsyncSocket (~> 7.6.3)
  - ProtocolBuffers-Swift (~> 4.0.6)

SPEC REPOS:
  https://github.com/cocoapods/specs.git:
    - CocoaAsyncSocket
    - ProtocolBuffers-Swift

SPEC CHECKSUMS:
  CocoaAsyncSocket: eafaa68a7e0ec99ead0a7b35015e0bf25d2c8987
  ProtocolBuffers-Swift: 09b5cfcc641ab512d6aaa1d2cc3879a40432052c

PODFILE CHECKSUM: ff90ab142abe7fd51a07f2c661d104eed504ac38

COCOAPODS: 1.7.5
